PODS:
  - Realm (10.1.4):
    - Realm/Headers (= 10.1.4)
  - Realm/Headers (10.1.4)
  - RealmSwift (10.1.4):
    - Realm (= 10.1.4)
  - Swinject (2.7.1)

DEPENDENCIES:
  - RealmSwift
  - Swinject

SPEC REPOS:
  trunk:
    - Realm
    - RealmSwift
    - Swinject

SPEC CHECKSUMS:
  Realm: 80f4fb2971ccb9adc27a47d0955ae8e533a7030b
  RealmSwift: 0e566ca714edb377bba8ea0811eafcea0b93734e
  Swinject: ddf78b8486dd9b71a667b852cad919ab4484478e

PODFILE CHECKSUM: 9eabc3af79d67f743a09965676f12467738295a0

COCOAPODS: 1.10.0
