// !$*UTF8*$!
{
	archiveVersion = 1;
	classes = {
	};
	objectVersion = 51;
	objects = {

/* Begin PBXBuildFile section */
		06284B5283DB0CA80CD3F852 /* Pods_Presentation_PresentationUITests.framework in Frameworks */ = {isa = PBXBuildFile; fileRef = C4908F8B7F5606829CBAC559 /* Pods_Presentation_PresentationUITests.framework */; };
		625885569FCE369C29FCA054 /* Pods_Presentation.framework in Frameworks */ = {isa = PBXBuildFile; fileRef = 7852297CA5EF14F3EB3A7EBC /* Pods_Presentation.framework */; };
		79230B2D254A214C00A06B8D /* AppDelegate.swift in Sources */ = {isa = PBXBuildFile; fileRef = 79230B2C254A214C00A06B8D /* AppDelegate.swift */; };
		79230B2F254A214C00A06B8D /* SceneDelegate.swift in Sources */ = {isa = PBXBuildFile; fileRef = 79230B2E254A214C00A06B8D /* SceneDelegate.swift */; };
		79230B31254A214C00A06B8D /* HomeViewController.swift in Sources */ = {isa = PBXBuildFile; fileRef = 79230B30254A214C00A06B8D /* HomeViewController.swift */; };
		79230B36254A215100A06B8D /* Assets.xcassets in Resources */ = {isa = PBXBuildFile; fileRef = 79230B35254A215100A06B8D /* Assets.xcassets */; };
		79230B39254A215100A06B8D /* LaunchScreen.storyboard in Resources */ = {isa = PBXBuildFile; fileRef = 79230B37254A215100A06B8D /* LaunchScreen.storyboard */; };
		79230B44254A215200A06B8D /* PresentationTests.swift in Sources */ = {isa = PBXBuildFile; fileRef = 79230B43254A215200A06B8D /* PresentationTests.swift */; };
		79230B4F254A215200A06B8D /* PresentationUITests.swift in Sources */ = {isa = PBXBuildFile; fileRef = 79230B4E254A215200A06B8D /* PresentationUITests.swift */; };
		799F211E254B318900256C5C /* Domain.framework in Frameworks */ = {isa = PBXBuildFile; fileRef = 799F211D254B318900256C5C /* Domain.framework */; };
		799F211F254B318900256C5C /* Domain.framework in Embed Frameworks */ = {isa = PBXBuildFile; fileRef = 799F211D254B318900256C5C /* Domain.framework */; settings = {ATTRIBUTES = (CodeSignOnCopy, RemoveHeadersOnCopy, ); }; };
		799F2125254B319900256C5C /* DeviceHardware.framework in Frameworks */ = {isa = PBXBuildFile; fileRef = 799F2124254B319900256C5C /* DeviceHardware.framework */; };
		799F2126254B319900256C5C /* DeviceHardware.framework in Embed Frameworks */ = {isa = PBXBuildFile; fileRef = 799F2124254B319900256C5C /* DeviceHardware.framework */; settings = {ATTRIBUTES = (CodeSignOnCopy, RemoveHeadersOnCopy, ); }; };
		79DF871E25681F4E00BB7EC9 /* HomeViewController.xib in Resources */ = {isa = PBXBuildFile; fileRef = 79DF871D25681F4E00BB7EC9 /* HomeViewController.xib */; };
		79DF8769256ECC3700BB7EC9 /* DIContainer.swift in Sources */ = {isa = PBXBuildFile; fileRef = 79DF8768256ECC3700BB7EC9 /* DIContainer.swift */; };
		79FC028325A77C4E007226D5 /* DataAccessRemote.framework in Frameworks */ = {isa = PBXBuildFile; fileRef = 79FC028225A77C4E007226D5 /* DataAccessRemote.framework */; };
		79FC028425A77C4E007226D5 /* DataAccessRemote.framework in Embed Frameworks */ = {isa = PBXBuildFile; fileRef = 79FC028225A77C4E007226D5 /* DataAccessRemote.framework */; settings = {ATTRIBUTES = (CodeSignOnCopy, RemoveHeadersOnCopy, ); }; };
		79FC034525A7B137007226D5 /* DataAccessLocal.framework in Frameworks */ = {isa = PBXBuildFile; fileRef = 79FC034425A7B137007226D5 /* DataAccessLocal.framework */; };
		79FC034625A7B137007226D5 /* DataAccessLocal.framework in Embed Frameworks */ = {isa = PBXBuildFile; fileRef = 79FC034425A7B137007226D5 /* DataAccessLocal.framework */; settings = {ATTRIBUTES = (CodeSignOnCopy, RemoveHeadersOnCopy, ); }; };
		C17CF49DC93C7A1A79D1CF5A /* Pods_Presentation.framework in Frameworks */ = {isa = PBXBuildFile; fileRef = FF84B90DD63CA2A445C52C54 /* Pods_Presentation.framework */; };
		C9231A500B51B4ABABA00CB9 /* Pods_PresentationTests.framework in Frameworks */ = {isa = PBXBuildFile; fileRef = CBAB2960AB2C571326B7D776 /* Pods_PresentationTests.framework */; };
/* End PBXBuildFile section */

/* Begin PBXContainerItemProxy section */
		79230B40254A215200A06B8D /* PBXContainerItemProxy */ = {
			isa = PBXContainerItemProxy;
			containerPortal = 79230B21254A214C00A06B8D /* Project object */;
			proxyType = 1;
			remoteGlobalIDString = 79230B28254A214C00A06B8D;
			remoteInfo = Presentation;
		};
		79230B4B254A215200A06B8D /* PBXContainerItemProxy */ = {
			isa = PBXContainerItemProxy;
			containerPortal = 79230B21254A214C00A06B8D /* Project object */;
			proxyType = 1;
			remoteGlobalIDString = 79230B28254A214C00A06B8D;
			remoteInfo = Presentation;
		};
/* End PBXContainerItemProxy section */

/* Begin PBXCopyFilesBuildPhase section */
		799F2120254B318900256C5C /* Embed Frameworks */ = {
			isa = PBXCopyFilesBuildPhase;
			buildActionMask = 2147483647;
			dstPath = "";
			dstSubfolderSpec = 10;
			files = (
				79FC034625A7B137007226D5 /* DataAccessLocal.framework in Embed Frameworks */,
				799F211F254B318900256C5C /* Domain.framework in Embed Frameworks */,
				79FC028425A77C4E007226D5 /* DataAccessRemote.framework in Embed Frameworks */,
				799F2126254B319900256C5C /* DeviceHardware.framework in Embed Frameworks */,
			);
			name = "Embed Frameworks";
			runOnlyForDeploymentPostprocessing = 0;
		};
/* End PBXCopyFilesBuildPhase section */

/* Begin PBXFileReference section */
		1A5115ADDDFDBC00402D36A6 /* Pods-Presentation.release.xcconfig */ = {isa = PBXFileReference; includeInIndex = 1; lastKnownFileType = text.xcconfig; name = "Pods-Presentation.release.xcconfig"; path = "Target Support Files/Pods-Presentation/Pods-Presentation.release.xcconfig"; sourceTree = "<group>"; };
		5A2CD42C1CDD6A714B540A7A /* Pods-PresentationTests.debug.xcconfig */ = {isa = PBXFileReference; includeInIndex = 1; lastKnownFileType = text.xcconfig; name = "Pods-PresentationTests.debug.xcconfig"; path = "Target Support Files/Pods-PresentationTests/Pods-PresentationTests.debug.xcconfig"; sourceTree = "<group>"; };
		7852297CA5EF14F3EB3A7EBC /* Pods_Presentation.framework */ = {isa = PBXFileReference; explicitFileType = wrapper.framework; includeInIndex = 0; name = Pods_Presentation.framework; path = "../Debug-iphonesimulator/Pods_Presentation.framework"; sourceTree = BUILT_PRODUCTS_DIR; };
		79230B29254A214C00A06B8D /* Presentation.app */ = {isa = PBXFileReference; explicitFileType = wrapper.application; includeInIndex = 0; path = Presentation.app; sourceTree = BUILT_PRODUCTS_DIR; };
		79230B2C254A214C00A06B8D /* AppDelegate.swift */ = {isa = PBXFileReference; lastKnownFileType = sourcecode.swift; path = AppDelegate.swift; sourceTree = "<group>"; };
		79230B2E254A214C00A06B8D /* SceneDelegate.swift */ = {isa = PBXFileReference; lastKnownFileType = sourcecode.swift; path = SceneDelegate.swift; sourceTree = "<group>"; };
		79230B30254A214C00A06B8D /* HomeViewController.swift */ = {isa = PBXFileReference; lastKnownFileType = sourcecode.swift; path = HomeViewController.swift; sourceTree = "<group>"; };
		79230B35254A215100A06B8D /* Assets.xcassets */ = {isa = PBXFileReference; lastKnownFileType = folder.assetcatalog; path = Assets.xcassets; sourceTree = "<group>"; };
		79230B38254A215100A06B8D /* Base */ = {isa = PBXFileReference; lastKnownFileType = file.storyboard; name = Base; path = Base.lproj/LaunchScreen.storyboard; sourceTree = "<group>"; };
		79230B3A254A215100A06B8D /* Info.plist */ = {isa = PBXFileReference; lastKnownFileType = text.plist.xml; path = Info.plist; sourceTree = "<group>"; };
		79230B3F254A215200A06B8D /* PresentationTests.xctest */ = {isa = PBXFileReference; explicitFileType = wrapper.cfbundle; includeInIndex = 0; path = PresentationTests.xctest; sourceTree = BUILT_PRODUCTS_DIR; };
		79230B43254A215200A06B8D /* PresentationTests.swift */ = {isa = PBXFileReference; lastKnownFileType = sourcecode.swift; path = PresentationTests.swift; sourceTree = "<group>"; };
		79230B45254A215200A06B8D /* Info.plist */ = {isa = PBXFileReference; lastKnownFileType = text.plist.xml; path = Info.plist; sourceTree = "<group>"; };
		79230B4A254A215200A06B8D /* PresentationUITests.xctest */ = {isa = PBXFileReference; explicitFileType = wrapper.cfbundle; includeInIndex = 0; path = PresentationUITests.xctest; sourceTree = BUILT_PRODUCTS_DIR; };
		79230B4E254A215200A06B8D /* PresentationUITests.swift */ = {isa = PBXFileReference; lastKnownFileType = sourcecode.swift; path = PresentationUITests.swift; sourceTree = "<group>"; };
		79230B50254A215200A06B8D /* Info.plist */ = {isa = PBXFileReference; lastKnownFileType = text.plist.xml; path = Info.plist; sourceTree = "<group>"; };
		799F211D254B318900256C5C /* Domain.framework */ = {isa = PBXFileReference; explicitFileType = wrapper.framework; name = Domain.framework; path = "../Debug-iphonesimulator/Domain.framework"; sourceTree = BUILT_PRODUCTS_DIR; };
		799F2124254B319900256C5C /* DeviceHardware.framework */ = {isa = PBXFileReference; explicitFileType = wrapper.framework; name = DeviceHardware.framework; path = "../Debug-iphonesimulator/DeviceHardware.framework"; sourceTree = BUILT_PRODUCTS_DIR; };
		79DF871D25681F4E00BB7EC9 /* HomeViewController.xib */ = {isa = PBXFileReference; lastKnownFileType = file.xib; path = HomeViewController.xib; sourceTree = "<group>"; };
		79DF8768256ECC3700BB7EC9 /* DIContainer.swift */ = {isa = PBXFileReference; lastKnownFileType = sourcecode.swift; path = DIContainer.swift; sourceTree = "<group>"; };
		79FC028225A77C4E007226D5 /* DataAccessRemote.framework */ = {isa = PBXFileReference; explicitFileType = wrapper.framework; name = DataAccessRemote.framework; path = "../Debug-iphonesimulator/DataAccessRemote.framework"; sourceTree = BUILT_PRODUCTS_DIR; };
		79FC034425A7B137007226D5 /* DataAccessLocal.framework */ = {isa = PBXFileReference; explicitFileType = wrapper.framework; name = DataAccessLocal.framework; path = "../Debug-iphonesimulator/DataAccessLocal.framework"; sourceTree = BUILT_PRODUCTS_DIR; };
		931DAA473E02225116BD92E6 /* Pods-Presentation.debug.xcconfig */ = {isa = PBXFileReference; includeInIndex = 1; lastKnownFileType = text.xcconfig; name = "Pods-Presentation.debug.xcconfig"; path = "Target Support Files/Pods-Presentation/Pods-Presentation.debug.xcconfig"; sourceTree = "<group>"; };
		C4908F8B7F5606829CBAC559 /* Pods_Presentation_PresentationUITests.framework */ = {isa = PBXFileReference; explicitFileType = wrapper.framework; includeInIndex = 0; path = Pods_Presentation_PresentationUITests.framework; sourceTree = BUILT_PRODUCTS_DIR; };
		C86AC7E88BF193FAA0C40491 /* Pods-PresentationTests.release.xcconfig */ = {isa = PBXFileReference; includeInIndex = 1; lastKnownFileType = text.xcconfig; name = "Pods-PresentationTests.release.xcconfig"; path = "Target Support Files/Pods-PresentationTests/Pods-PresentationTests.release.xcconfig"; sourceTree = "<group>"; };
		CBAB2960AB2C571326B7D776 /* Pods_PresentationTests.framework */ = {isa = PBXFileReference; explicitFileType = wrapper.framework; includeInIndex = 0; path = Pods_PresentationTests.framework; sourceTree = BUILT_PRODUCTS_DIR; };
		D45013547D3625E68DD982D1 /* Pods-Presentation-PresentationUITests.release.xcconfig */ = {isa = PBXFileReference; includeInIndex = 1; lastKnownFileType = text.xcconfig; name = "Pods-Presentation-PresentationUITests.release.xcconfig"; path = "Target Support Files/Pods-Presentation-PresentationUITests/Pods-Presentation-PresentationUITests.release.xcconfig"; sourceTree = "<group>"; };
		E6A117133498DEB401807213 /* Pods-Presentation-PresentationUITests.debug.xcconfig */ = {isa = PBXFileReference; includeInIndex = 1; lastKnownFileType = text.xcconfig; name = "Pods-Presentation-PresentationUITests.debug.xcconfig"; path = "Target Support Files/Pods-Presentation-PresentationUITests/Pods-Presentation-PresentationUITests.debug.xcconfig"; sourceTree = "<group>"; };
		FF84B90DD63CA2A445C52C54 /* Pods_Presentation.framework */ = {isa = PBXFileReference; explicitFileType = wrapper.framework; includeInIndex = 0; path = Pods_Presentation.framework; sourceTree = BUILT_PRODUCTS_DIR; };
/* End PBXFileReference section */

/* Begin PBXFrameworksBuildPhase section */
		79230B26254A214C00A06B8D /* Frameworks */ = {
			isa = PBXFrameworksBuildPhase;
			buildActionMask = 2147483647;
			files = (
				799F211E254B318900256C5C /* Domain.framework in Frameworks */,
				79FC034525A7B137007226D5 /* DataAccessLocal.framework in Frameworks */,
				799F2125254B319900256C5C /* DeviceHardware.framework in Frameworks */,
				79FC028325A77C4E007226D5 /* DataAccessRemote.framework in Frameworks */,
				625885569FCE369C29FCA054 /* Pods_Presentation.framework in Frameworks */,
				C17CF49DC93C7A1A79D1CF5A /* Pods_Presentation.framework in Frameworks */,
			);
			runOnlyForDeploymentPostprocessing = 0;
		};
		79230B3C254A215200A06B8D /* Frameworks */ = {
			isa = PBXFrameworksBuildPhase;
			buildActionMask = 2147483647;
			files = (
				C9231A500B51B4ABABA00CB9 /* Pods_PresentationTests.framework in Frameworks */,
			);
			runOnlyForDeploymentPostprocessing = 0;
		};
		79230B47254A215200A06B8D /* Frameworks */ = {
			isa = PBXFrameworksBuildPhase;
			buildActionMask = 2147483647;
			files = (
				06284B5283DB0CA80CD3F852 /* Pods_Presentation_PresentationUITests.framework in Frameworks */,
			);
			runOnlyForDeploymentPostprocessing = 0;
		};
/* End PBXFrameworksBuildPhase section */

/* Begin PBXGroup section */
		188617911377FEFDEE93ADF9 /* Pods */ = {
			isa = PBXGroup;
			children = (
				931DAA473E02225116BD92E6 /* Pods-Presentation.debug.xcconfig */,
				1A5115ADDDFDBC00402D36A6 /* Pods-Presentation.release.xcconfig */,
				E6A117133498DEB401807213 /* Pods-Presentation-PresentationUITests.debug.xcconfig */,
				D45013547D3625E68DD982D1 /* Pods-Presentation-PresentationUITests.release.xcconfig */,
				5A2CD42C1CDD6A714B540A7A /* Pods-PresentationTests.debug.xcconfig */,
				C86AC7E88BF193FAA0C40491 /* Pods-PresentationTests.release.xcconfig */,
			);
			name = Pods;
			path = ../Pods;
			sourceTree = "<group>";
		};
		79230B20254A214C00A06B8D = {
			isa = PBXGroup;
			children = (
				79230B2B254A214C00A06B8D /* Presentation */,
				79230B42254A215200A06B8D /* PresentationTests */,
				79230B4D254A215200A06B8D /* PresentationUITests */,
				79230B2A254A214C00A06B8D /* Products */,
				799F211C254B318900256C5C /* Frameworks */,
				188617911377FEFDEE93ADF9 /* Pods */,
			);
			sourceTree = "<group>";
		};
		79230B2A254A214C00A06B8D /* Products */ = {
			isa = PBXGroup;
			children = (
				79230B29254A214C00A06B8D /* Presentation.app */,
				79230B3F254A215200A06B8D /* PresentationTests.xctest */,
				79230B4A254A215200A06B8D /* PresentationUITests.xctest */,
			);
			name = Products;
			sourceTree = "<group>";
		};
		79230B2B254A214C00A06B8D /* Presentation */ = {
			isa = PBXGroup;
			children = (
				79230B2C254A214C00A06B8D /* AppDelegate.swift */,
				79230B2E254A214C00A06B8D /* SceneDelegate.swift */,
				79DF8768256ECC3700BB7EC9 /* DIContainer.swift */,
				79230B30254A214C00A06B8D /* HomeViewController.swift */,
				79230B35254A215100A06B8D /* Assets.xcassets */,
				79230B37254A215100A06B8D /* LaunchScreen.storyboard */,
				79230B3A254A215100A06B8D /* Info.plist */,
				79DF871D25681F4E00BB7EC9 /* HomeViewController.xib */,
			);
			path = Presentation;
			sourceTree = "<group>";
		};
		79230B42254A215200A06B8D /* PresentationTests */ = {
			isa = PBXGroup;
			children = (
				79230B43254A215200A06B8D /* PresentationTests.swift */,
				79230B45254A215200A06B8D /* Info.plist */,
			);
			path = PresentationTests;
			sourceTree = "<group>";
		};
		79230B4D254A215200A06B8D /* PresentationUITests */ = {
			isa = PBXGroup;
			children = (
				79230B4E254A215200A06B8D /* PresentationUITests.swift */,
				79230B50254A215200A06B8D /* Info.plist */,
			);
			path = PresentationUITests;
			sourceTree = "<group>";
		};
		799F211C254B318900256C5C /* Frameworks */ = {
			isa = PBXGroup;
			children = (
				79FC034425A7B137007226D5 /* DataAccessLocal.framework */,
				79FC028225A77C4E007226D5 /* DataAccessRemote.framework */,
				799F2124254B319900256C5C /* DeviceHardware.framework */,
				799F211D254B318900256C5C /* Domain.framework */,
				7852297CA5EF14F3EB3A7EBC /* Pods_Presentation.framework */,
				C4908F8B7F5606829CBAC559 /* Pods_Presentation_PresentationUITests.framework */,
				CBAB2960AB2C571326B7D776 /* Pods_PresentationTests.framework */,
				FF84B90DD63CA2A445C52C54 /* Pods_Presentation.framework */,
			);
			name = Frameworks;
			sourceTree = "<group>";
		};
/* End PBXGroup section */

/* Begin PBXNativeTarget section */
		79230B28254A214C00A06B8D /* Presentation */ = {
			isa = PBXNativeTarget;
			buildConfigurationList = 79230B53254A215200A06B8D /* Build configuration list for PBXNativeTarget "Presentation" */;
			buildPhases = (
				C717276F8055E2F3C05FEB37 /* [CP] Check Pods Manifest.lock */,
				79230B25254A214C00A06B8D /* Sources */,
				79230B26254A214C00A06B8D /* Frameworks */,
				79230B27254A214C00A06B8D /* Resources */,
				799F2120254B318900256C5C /* Embed Frameworks */,
				CE739F888EB545EF86D67D3A /* [CP] Embed Pods Frameworks */,
			);
			buildRules = (
			);
			dependencies = (
			);
			name = Presentation;
			productName = Presentation;
			productReference = 79230B29254A214C00A06B8D /* Presentation.app */;
			productType = "com.apple.product-type.application";
		};
		79230B3E254A215200A06B8D /* PresentationTests */ = {
			isa = PBXNativeTarget;
			buildConfigurationList = 79230B56254A215200A06B8D /* Build configuration list for PBXNativeTarget "PresentationTests" */;
			buildPhases = (
				73DD88A06BB91DC89C186054 /* [CP] Check Pods Manifest.lock */,
				79230B3B254A215200A06B8D /* Sources */,
				79230B3C254A215200A06B8D /* Frameworks */,
				79230B3D254A215200A06B8D /* Resources */,
			);
			buildRules = (
			);
			dependencies = (
				79230B41254A215200A06B8D /* PBXTargetDependency */,
			);
			name = PresentationTests;
			productName = PresentationTests;
			productReference = 79230B3F254A215200A06B8D /* PresentationTests.xctest */;
			productType = "com.apple.product-type.bundle.unit-test";
		};
		79230B49254A215200A06B8D /* PresentationUITests */ = {
			isa = PBXNativeTarget;
			buildConfigurationList = 79230B59254A215200A06B8D /* Build configuration list for PBXNativeTarget "PresentationUITests" */;
			buildPhases = (
				89537A6EEFB65D3CCED3E126 /* [CP] Check Pods Manifest.lock */,
				79230B46254A215200A06B8D /* Sources */,
				79230B47254A215200A06B8D /* Frameworks */,
				79230B48254A215200A06B8D /* Resources */,
				E7C6A5AC0DA4C84999B0DB56 /* [CP] Embed Pods Frameworks */,
			);
			buildRules = (
			);
			dependencies = (
				79230B4C254A215200A06B8D /* PBXTargetDependency */,
			);
			name = PresentationUITests;
			productName = PresentationUITests;
			productReference = 79230B4A254A215200A06B8D /* PresentationUITests.xctest */;
			productType = "com.apple.product-type.bundle.ui-testing";
		};
/* End PBXNativeTarget section */

/* Begin PBXProject section */
		79230B21254A214C00A06B8D /* Project object */ = {
			isa = PBXProject;
			attributes = {
				LastSwiftUpdateCheck = 1200;
				LastUpgradeCheck = 1200;
				TargetAttributes = {
					79230B28254A214C00A06B8D = {
						CreatedOnToolsVersion = 12.0.1;
					};
					79230B3E254A215200A06B8D = {
						CreatedOnToolsVersion = 12.0.1;
						TestTargetID = 79230B28254A214C00A06B8D;
					};
					79230B49254A215200A06B8D = {
						CreatedOnToolsVersion = 12.0.1;
						TestTargetID = 79230B28254A214C00A06B8D;
					};
				};
			};
			buildConfigurationList = 79230B24254A214C00A06B8D /* Build configuration list for PBXProject "Presentation" */;
			compatibilityVersion = "Xcode 9.3";
			developmentRegion = en;
			hasScannedForEncodings = 0;
			knownRegions = (
				en,
				Base,
			);
			mainGroup = 79230B20254A214C00A06B8D;
			productRefGroup = 79230B2A254A214C00A06B8D /* Products */;
			projectDirPath = "";
			projectRoot = "";
			targets = (
				79230B28254A214C00A06B8D /* Presentation */,
				79230B3E254A215200A06B8D /* PresentationTests */,
				79230B49254A215200A06B8D /* PresentationUITests */,
			);
		};
/* End PBXProject section */

/* Begin PBXResourcesBuildPhase section */
		79230B27254A214C00A06B8D /* Resources */ = {
			isa = PBXResourcesBuildPhase;
			buildActionMask = 2147483647;
			files = (
				79230B39254A215100A06B8D /* LaunchScreen.storyboard in Resources */,
				79230B36254A215100A06B8D /* Assets.xcassets in Resources */,
				79DF871E25681F4E00BB7EC9 /* HomeViewController.xib in Resources */,
			);
			runOnlyForDeploymentPostprocessing = 0;
		};
		79230B3D254A215200A06B8D /* Resources */ = {
			isa = PBXResourcesBuildPhase;
			buildActionMask = 2147483647;
			files = (
			);
			runOnlyForDeploymentPostprocessing = 0;
		};
		79230B48254A215200A06B8D /* Resources */ = {
			isa = PBXResourcesBuildPhase;
			buildActionMask = 2147483647;
			files = (
			);
			runOnlyForDeploymentPostprocessing = 0;
		};
/* End PBXResourcesBuildPhase section */

/* Begin PBXShellScriptBuildPhase section */
		73DD88A06BB91DC89C186054 /* [CP] Check Pods Manifest.lock */ = {
			isa = PBXShellScriptBuildPhase;
			buildActionMask = 2147483647;
			files = (
			);
			inputFileListPaths = (
			);
			inputPaths = (
				"${PODS_PODFILE_DIR_PATH}/Podfile.lock",
				"${PODS_ROOT}/Manifest.lock",
			);
			name = "[CP] Check Pods Manifest.lock";
			outputFileListPaths = (
			);
			outputPaths = (
				"$(DERIVED_FILE_DIR)/Pods-PresentationTests-checkManifestLockResult.txt",
			);
			runOnlyForDeploymentPostprocessing = 0;
			shellPath = /bin/sh;
			shellScript = "diff \"${PODS_PODFILE_DIR_PATH}/Podfile.lock\" \"${PODS_ROOT}/Manifest.lock\" > /dev/null\nif [ $? != 0 ] ; then\n    # print error to STDERR\n    echo \"error: The sandbox is not in sync with the Podfile.lock. Run 'pod install' or update your CocoaPods installation.\" >&2\n    exit 1\nfi\n# This output is used by Xcode 'outputs' to avoid re-running this script phase.\necho \"SUCCESS\" > \"${SCRIPT_OUTPUT_FILE_0}\"\n";
			showEnvVarsInLog = 0;
		};
		89537A6EEFB65D3CCED3E126 /* [CP] Check Pods Manifest.lock */ = {
			isa = PBXShellScriptBuildPhase;
			buildActionMask = 2147483647;
			files = (
			);
			inputFileListPaths = (
			);
			inputPaths = (
				"${PODS_PODFILE_DIR_PATH}/Podfile.lock",
				"${PODS_ROOT}/Manifest.lock",
			);
			name = "[CP] Check Pods Manifest.lock";
			outputFileListPaths = (
			);
			outputPaths = (
				"$(DERIVED_FILE_DIR)/Pods-Presentation-PresentationUITests-checkManifestLockResult.txt",
			);
			runOnlyForDeploymentPostprocessing = 0;
			shellPath = /bin/sh;
			shellScript = "diff \"${PODS_PODFILE_DIR_PATH}/Podfile.lock\" \"${PODS_ROOT}/Manifest.lock\" > /dev/null\nif [ $? != 0 ] ; then\n    # print error to STDERR\n    echo \"error: The sandbox is not in sync with the Podfile.lock. Run 'pod install' or update your CocoaPods installation.\" >&2\n    exit 1\nfi\n# This output is used by Xcode 'outputs' to avoid re-running this script phase.\necho \"SUCCESS\" > \"${SCRIPT_OUTPUT_FILE_0}\"\n";
			showEnvVarsInLog = 0;
		};
		C717276F8055E2F3C05FEB37 /* [CP] Check Pods Manifest.lock */ = {
			isa = PBXShellScriptBuildPhase;
			buildActionMask = 2147483647;
			files = (
			);
			inputFileListPaths = (
			);
			inputPaths = (
				"${PODS_PODFILE_DIR_PATH}/Podfile.lock",
				"${PODS_ROOT}/Manifest.lock",
			);
			name = "[CP] Check Pods Manifest.lock";
			outputFileListPaths = (
			);
			outputPaths = (
				"$(DERIVED_FILE_DIR)/Pods-Presentation-checkManifestLockResult.txt",
			);
			runOnlyForDeploymentPostprocessing = 0;
			shellPath = /bin/sh;
			shellScript = "diff \"${PODS_PODFILE_DIR_PATH}/Podfile.lock\" \"${PODS_ROOT}/Manifest.lock\" > /dev/null\nif [ $? != 0 ] ; then\n    # print error to STDERR\n    echo \"error: The sandbox is not in sync with the Podfile.lock. Run 'pod install' or update your CocoaPods installation.\" >&2\n    exit 1\nfi\n# This output is used by Xcode 'outputs' to avoid re-running this script phase.\necho \"SUCCESS\" > \"${SCRIPT_OUTPUT_FILE_0}\"\n";
			showEnvVarsInLog = 0;
		};
		CE739F888EB545EF86D67D3A /* [CP] Embed Pods Frameworks */ = {
			isa = PBXShellScriptBuildPhase;
			buildActionMask = 2147483647;
			files = (
			);
			inputFileListPaths = (
				"${PODS_ROOT}/Target Support Files/Pods-Presentation/Pods-Presentation-frameworks-${CONFIGURATION}-input-files.xcfilelist",
			);
			name = "[CP] Embed Pods Frameworks";
			outputFileListPaths = (
				"${PODS_ROOT}/Target Support Files/Pods-Presentation/Pods-Presentation-frameworks-${CONFIGURATION}-output-files.xcfilelist",
			);
			runOnlyForDeploymentPostprocessing = 0;
			shellPath = /bin/sh;
			shellScript = "\"${PODS_ROOT}/Target Support Files/Pods-Presentation/Pods-Presentation-frameworks.sh\"\n";
			showEnvVarsInLog = 0;
		};
		E7C6A5AC0DA4C84999B0DB56 /* [CP] Embed Pods Frameworks */ = {
			isa = PBXShellScriptBuildPhase;
			buildActionMask = 2147483647;
			files = (
			);
			inputFileListPaths = (
				"${PODS_ROOT}/Target Support Files/Pods-Presentation-PresentationUITests/Pods-Presentation-PresentationUITests-frameworks-${CONFIGURATION}-input-files.xcfilelist",
			);
			name = "[CP] Embed Pods Frameworks";
			outputFileListPaths = (
				"${PODS_ROOT}/Target Support Files/Pods-Presentation-PresentationUITests/Pods-Presentation-PresentationUITests-frameworks-${CONFIGURATION}-output-files.xcfilelist",
			);
			runOnlyForDeploymentPostprocessing = 0;
			shellPath = /bin/sh;
			shellScript = "\"${PODS_ROOT}/Target Support Files/Pods-Presentation-PresentationUITests/Pods-Presentation-PresentationUITests-frameworks.sh\"\n";
			showEnvVarsInLog = 0;
		};
/* End PBXShellScriptBuildPhase section */

/* Begin PBXSourcesBuildPhase section */
		79230B25254A214C00A06B8D /* Sources */ = {
			isa = PBXSourcesBuildPhase;
			buildActionMask = 2147483647;
			files = (
				79DF8769256ECC3700BB7EC9 /* DIContainer.swift in Sources */,
				79230B31254A214C00A06B8D /* HomeViewController.swift in Sources */,
				79230B2D254A214C00A06B8D /* AppDelegate.swift in Sources */,
				79230B2F254A214C00A06B8D /* SceneDelegate.swift in Sources */,
			);
			runOnlyForDeploymentPostprocessing = 0;
		};
		79230B3B254A215200A06B8D /* Sources */ = {
			isa = PBXSourcesBuildPhase;
			buildActionMask = 2147483647;
			files = (
				79230B44254A215200A06B8D /* PresentationTests.swift in Sources */,
			);
			runOnlyForDeploymentPostprocessing = 0;
		};
		79230B46254A215200A06B8D /* Sources */ = {
			isa = PBXSourcesBuildPhase;
			buildActionMask = 2147483647;
			files = (
				79230B4F254A215200A06B8D /* PresentationUITests.swift in Sources */,
			);
			runOnlyForDeploymentPostprocessing = 0;
		};
/* End PBXSourcesBuildPhase section */

/* Begin PBXTargetDependency section */
		79230B41254A215200A06B8D /* PBXTargetDependency */ = {
			isa = PBXTargetDependency;
			target = 79230B28254A214C00A06B8D /* Presentation */;
			targetProxy = 79230B40254A215200A06B8D /* PBXContainerItemProxy */;
		};
		79230B4C254A215200A06B8D /* PBXTargetDependency */ = {
			isa = PBXTargetDependency;
			target = 79230B28254A214C00A06B8D /* Presentation */;
			targetProxy = 79230B4B254A215200A06B8D /* PBXContainerItemProxy */;
		};
/* End PBXTargetDependency section */

/* Begin PBXVariantGroup section */
		79230B37254A215100A06B8D /* LaunchScreen.storyboard */ = {
			isa = PBXVariantGroup;
			children = (
				79230B38254A215100A06B8D /* Base */,
			);
			name = LaunchScreen.storyboard;
			sourceTree = "<group>";
		};
/* End PBXVariantGroup section */

/* Begin XCBuildConfiguration section */
		79230B51254A215200A06B8D /* Debug */ = {
			isa = XCBuildConfiguration;
			buildSettings = {
				ALWAYS_SEARCH_USER_PATHS = NO;
				CLANG_ANALYZER_NONNULL = YES;
				CLANG_ANALYZER_NUMBER_OBJECT_CONVERSION = YES_AGGRESSIVE;
				CLANG_CXX_LANGUAGE_STANDARD = "gnu++14";
				CLANG_CXX_LIBRARY = "libc++";
				CLANG_ENABLE_MODULES = YES;
				CLANG_ENABLE_OBJC_ARC = YES;
				CLANG_ENABLE_OBJC_WEAK = YES;
				CLANG_WARN_BLOCK_CAPTURE_AUTORELEASING = YES;
				CLANG_WARN_BOOL_CONVERSION = YES;
				CLANG_WARN_COMMA = YES;
				CLANG_WARN_CONSTANT_CONVERSION = YES;
				CLANG_WARN_DEPRECATED_OBJC_IMPLEMENTATIONS = YES;
				CLANG_WARN_DIRECT_OBJC_ISA_USAGE = YES_ERROR;
				CLANG_WARN_DOCUMENTATION_COMMENTS = YES;
				CLANG_WARN_EMPTY_BODY = YES;
				CLANG_WARN_ENUM_CONVERSION = YES;
				CLANG_WARN_INFINITE_RECURSION = YES;
				CLANG_WARN_INT_CONVERSION = YES;
				CLANG_WARN_NON_LITERAL_NULL_CONVERSION = YES;
				CLANG_WARN_OBJC_IMPLICIT_RETAIN_SELF = YES;
				CLANG_WARN_OBJC_LITERAL_CONVERSION = YES;
				CLANG_WARN_OBJC_ROOT_CLASS = YES_ERROR;
				CLANG_WARN_QUOTED_INCLUDE_IN_FRAMEWORK_HEADER = YES;
				CLANG_WARN_RANGE_LOOP_ANALYSIS = YES;
				CLANG_WARN_STRICT_PROTOTYPES = YES;
				CLANG_WARN_SUSPICIOUS_MOVE = YES;
				CLANG_WARN_UNGUARDED_AVAILABILITY = YES_AGGRESSIVE;
				CLANG_WARN_UNREACHABLE_CODE = YES;
				CLANG_WARN__DUPLICATE_METHOD_MATCH = YES;
				COPY_PHASE_STRIP = NO;
				DEBUG_INFORMATION_FORMAT = dwarf;
				ENABLE_STRICT_OBJC_MSGSEND = YES;
				ENABLE_TESTABILITY = YES;
				GCC_C_LANGUAGE_STANDARD = gnu11;
				GCC_DYNAMIC_NO_PIC = NO;
				GCC_NO_COMMON_BLOCKS = YES;
				GCC_OPTIMIZATION_LEVEL = 0;
				GCC_PREPROCESSOR_DEFINITIONS = (
					"DEBUG=1",
					"$(inherited)",
				);
				GCC_WARN_64_TO_32_BIT_CONVERSION = YES;
				GCC_WARN_ABOUT_RETURN_TYPE = YES_ERROR;
				GCC_WARN_UNDECLARED_SELECTOR = YES;
				GCC_WARN_UNINITIALIZED_AUTOS = YES_AGGRESSIVE;
				GCC_WARN_UNUSED_FUNCTION = YES;
				GCC_WARN_UNUSED_VARIABLE = YES;
				IPHONEOS_DEPLOYMENT_TARGET = 14.0;
				MTL_ENABLE_DEBUG_INFO = INCLUDE_SOURCE;
				MTL_FAST_MATH = YES;
				ONLY_ACTIVE_ARCH = YES;
				SDKROOT = iphoneos;
				SWIFT_ACTIVE_COMPILATION_CONDITIONS = DEBUG;
				SWIFT_OPTIMIZATION_LEVEL = "-Onone";
			};
			name = Debug;
		};
		79230B52254A215200A06B8D /* Release */ = {
			isa = XCBuildConfiguration;
			buildSettings = {
				ALWAYS_SEARCH_USER_PATHS = NO;
				CLANG_ANALYZER_NONNULL = YES;
				CLANG_ANALYZER_NUMBER_OBJECT_CONVERSION = YES_AGGRESSIVE;
				CLANG_CXX_LANGUAGE_STANDARD = "gnu++14";
				CLANG_CXX_LIBRARY = "libc++";
				CLANG_ENABLE_MODULES = YES;
				CLANG_ENABLE_OBJC_ARC = YES;
				CLANG_ENABLE_OBJC_WEAK = YES;
				CLANG_WARN_BLOCK_CAPTURE_AUTORELEASING = YES;
				CLANG_WARN_BOOL_CONVERSION = YES;
				CLANG_WARN_COMMA = YES;
				CLANG_WARN_CONSTANT_CONVERSION = YES;
				CLANG_WARN_DEPRECATED_OBJC_IMPLEMENTATIONS = YES;
				CLANG_WARN_DIRECT_OBJC_ISA_USAGE = YES_ERROR;
				CLANG_WARN_DOCUMENTATION_COMMENTS = YES;
				CLANG_WARN_EMPTY_BODY = YES;
				CLANG_WARN_ENUM_CONVERSION = YES;
				CLANG_WARN_INFINITE_RECURSION = YES;
				CLANG_WARN_INT_CONVERSION = YES;
				CLANG_WARN_NON_LITERAL_NULL_CONVERSION = YES;
				CLANG_WARN_OBJC_IMPLICIT_RETAIN_SELF = YES;
				CLANG_WARN_OBJC_LITERAL_CONVERSION = YES;
				CLANG_WARN_OBJC_ROOT_CLASS = YES_ERROR;
				CLANG_WARN_QUOTED_INCLUDE_IN_FRAMEWORK_HEADER = YES;
				CLANG_WARN_RANGE_LOOP_ANALYSIS = YES;
				CLANG_WARN_STRICT_PROTOTYPES = YES;
				CLANG_WARN_SUSPICIOUS_MOVE = YES;
				CLANG_WARN_UNGUARDED_AVAILABILITY = YES_AGGRESSIVE;
				CLANG_WARN_UNREACHABLE_CODE = YES;
				CLANG_WARN__DUPLICATE_METHOD_MATCH = YES;
				COPY_PHASE_STRIP = NO;
				DEBUG_INFORMATION_FORMAT = "dwarf-with-dsym";
				ENABLE_NS_ASSERTIONS = NO;
				ENABLE_STRICT_OBJC_MSGSEND = YES;
				GCC_C_LANGUAGE_STANDARD = gnu11;
				GCC_NO_COMMON_BLOCKS = YES;
				GCC_WARN_64_TO_32_BIT_CONVERSION = YES;
				GCC_WARN_ABOUT_RETURN_TYPE = YES_ERROR;
				GCC_WARN_UNDECLARED_SELECTOR = YES;
				GCC_WARN_UNINITIALIZED_AUTOS = YES_AGGRESSIVE;
				GCC_WARN_UNUSED_FUNCTION = YES;
				GCC_WARN_UNUSED_VARIABLE = YES;
				IPHONEOS_DEPLOYMENT_TARGET = 14.0;
				MTL_ENABLE_DEBUG_INFO = NO;
				MTL_FAST_MATH = YES;
				SDKROOT = iphoneos;
				SWIFT_COMPILATION_MODE = wholemodule;
				SWIFT_OPTIMIZATION_LEVEL = "-O";
				VALIDATE_PRODUCT = YES;
			};
			name = Release;
		};
		79230B54254A215200A06B8D /* Debug */ = {
			isa = XCBuildConfiguration;
			baseConfigurationReference = 931DAA473E02225116BD92E6 /* Pods-Presentation.debug.xcconfig */;
			buildSettings = {
				ASSETCATALOG_COMPILER_APPICON_NAME = AppIcon;
				ASSETCATALOG_COMPILER_GLOBAL_ACCENT_COLOR_NAME = AccentColor;
				CODE_SIGN_STYLE = Automatic;
				INFOPLIST_FILE = Presentation/Info.plist;
				LD_RUNPATH_SEARCH_PATHS = (
					"$(inherited)",
					"@executable_path/Frameworks",
				);
				PRODUCT_BUNDLE_IDENTIFIER = co.com.ceiba.Presentation;
				PRODUCT_NAME = "$(TARGET_NAME)";
				SWIFT_VERSION = 5.0;
				TARGETED_DEVICE_FAMILY = 1;
			};
			name = Debug;
		};
		79230B55254A215200A06B8D /* Release */ = {
			isa = XCBuildConfiguration;
			baseConfigurationReference = 1A5115ADDDFDBC00402D36A6 /* Pods-Presentation.release.xcconfig */;
			buildSettings = {
				ASSETCATALOG_COMPILER_APPICON_NAME = AppIcon;
				ASSETCATALOG_COMPILER_GLOBAL_ACCENT_COLOR_NAME = AccentColor;
				CODE_SIGN_STYLE = Automatic;
				INFOPLIST_FILE = Presentation/Info.plist;
				LD_RUNPATH_SEARCH_PATHS = (
					"$(inherited)",
					"@executable_path/Frameworks",
				);
				PRODUCT_BUNDLE_IDENTIFIER = co.com.ceiba.Presentation;
				PRODUCT_NAME = "$(TARGET_NAME)";
				SWIFT_VERSION = 5.0;
				TARGETED_DEVICE_FAMILY = 1;
			};
			name = Release;
		};
		79230B57254A215200A06B8D /* Debug */ = {
			isa = XCBuildConfiguration;
			baseConfigurationReference = 5A2CD42C1CDD6A714B540A7A /* Pods-PresentationTests.debug.xcconfig */;
			buildSettings = {
				ALWAYS_EMBED_SWIFT_STANDARD_LIBRARIES = YES;
				BUNDLE_LOADER = "$(TEST_HOST)";
				CODE_SIGN_STYLE = Automatic;
				INFOPLIST_FILE = PresentationTests/Info.plist;
				IPHONEOS_DEPLOYMENT_TARGET = 14.0;
				LD_RUNPATH_SEARCH_PATHS = (
					"$(inherited)",
					"@executable_path/Frameworks",
					"@loader_path/Frameworks",
				);
				PRODUCT_BUNDLE_IDENTIFIER = co.com.ceiba.PresentationTests;
				PRODUCT_NAME = "$(TARGET_NAME)";
				SWIFT_VERSION = 5.0;
				TARGETED_DEVICE_FAMILY = "1,2";
				TEST_HOST = "$(BUILT_PRODUCTS_DIR)/Presentation.app/Presentation";
			};
			name = Debug;
		};
		79230B58254A215200A06B8D /* Release */ = {
			isa = XCBuildConfiguration;
			baseConfigurationReference = C86AC7E88BF193FAA0C40491 /* Pods-PresentationTests.release.xcconfig */;
			buildSettings = {
				ALWAYS_EMBED_SWIFT_STANDARD_LIBRARIES = YES;
				BUNDLE_LOADER = "$(TEST_HOST)";
				CODE_SIGN_STYLE = Automatic;
				INFOPLIST_FILE = PresentationTests/Info.plist;
				IPHONEOS_DEPLOYMENT_TARGET = 14.0;
				LD_RUNPATH_SEARCH_PATHS = (
					"$(inherited)",
					"@executable_path/Frameworks",
					"@loader_path/Frameworks",
				);
				PRODUCT_BUNDLE_IDENTIFIER = co.com.ceiba.PresentationTests;
				PRODUCT_NAME = "$(TARGET_NAME)";
				SWIFT_VERSION = 5.0;
				TARGETED_DEVICE_FAMILY = "1,2";
				TEST_HOST = "$(BUILT_PRODUCTS_DIR)/Presentation.app/Presentation";
			};
			name = Release;
		};
		79230B5A254A215200A06B8D /* Debug */ = {
			isa = XCBuildConfiguration;
			baseConfigurationReference = E6A117133498DEB401807213 /* Pods-Presentation-PresentationUITests.debug.xcconfig */;
			buildSettings = {
				ALWAYS_EMBED_SWIFT_STANDARD_LIBRARIES = YES;
				CODE_SIGN_STYLE = Automatic;
				INFOPLIST_FILE = PresentationUITests/Info.plist;
				LD_RUNPATH_SEARCH_PATHS = (
					"$(inherited)",
					"@executable_path/Frameworks",
					"@loader_path/Frameworks",
				);
				PRODUCT_BUNDLE_IDENTIFIER = co.com.ceiba.PresentationUITests;
				PRODUCT_NAME = "$(TARGET_NAME)";
				SWIFT_VERSION = 5.0;
				TARGETED_DEVICE_FAMILY = "1,2";
				TEST_TARGET_NAME = Presentation;
			};
			name = Debug;
		};
		79230B5B254A215200A06B8D /* Release */ = {
			isa = XCBuildConfiguration;
			baseConfigurationReference = D45013547D3625E68DD982D1 /* Pods-Presentation-PresentationUITests.release.xcconfig */;
			buildSettings = {
				ALWAYS_EMBED_SWIFT_STANDARD_LIBRARIES = YES;
				CODE_SIGN_STYLE = Automatic;
				INFOPLIST_FILE = PresentationUITests/Info.plist;
				LD_RUNPATH_SEARCH_PATHS = (
					"$(inherited)",
					"@executable_path/Frameworks",
					"@loader_path/Frameworks",
				);
				PRODUCT_BUNDLE_IDENTIFIER = co.com.ceiba.PresentationUITests;
				PRODUCT_NAME = "$(TARGET_NAME)";
				SWIFT_VERSION = 5.0;
				TARGETED_DEVICE_FAMILY = "1,2";
				TEST_TARGET_NAME = Presentation;
			};
			name = Release;
		};
/* End XCBuildConfiguration section */

/* Begin XCConfigurationList section */
		79230B24254A214C00A06B8D /* Build configuration list for PBXProject "Presentation" */ = {
			isa = XCConfigurationList;
			buildConfigurations = (
				79230B51254A215200A06B8D /* Debug */,
				79230B52254A215200A06B8D /* Release */,
			);
			defaultConfigurationIsVisible = 0;
			defaultConfigurationName = Release;
		};
		79230B53254A215200A06B8D /* Build configuration list for PBXNativeTarget "Presentation" */ = {
			isa = XCConfigurationList;
			buildConfigurations = (
				79230B54254A215200A06B8D /* Debug */,
				79230B55254A215200A06B8D /* Release */,
			);
			defaultConfigurationIsVisible = 0;
			defaultConfigurationName = Release;
		};
		79230B56254A215200A06B8D /* Build configuration list for PBXNativeTarget "PresentationTests" */ = {
			isa = XCConfigurationList;
			buildConfigurations = (
				79230B57254A215200A06B8D /* Debug */,
				79230B58254A215200A06B8D /* Release */,
			);
			defaultConfigurationIsVisible = 0;
			defaultConfigurationName = Release;
		};
		79230B59254A215200A06B8D /* Build configuration list for PBXNativeTarget "PresentationUITests" */ = {
			isa = XCConfigurationList;
			buildConfigurations = (
				79230B5A254A215200A06B8D /* Debug */,
				79230B5B254A215200A06B8D /* Release */,
			);
			defaultConfigurationIsVisible = 0;
			defaultConfigurationName = Release;
		};
/* End XCConfigurationList section */
	};
	rootObject = 79230B21254A214C00A06B8D /* Project object */;
}
