// !$*UTF8*$!
{
	archiveVersion = 1;
	classes = {
	};
	objectVersion = 50;
	objects = {

/* Begin PBXBuildFile section */
		79230B2D254A214C00A06B8D /* AppDelegate.swift in Sources */ = {isa = PBXBuildFile; fileRef = 79230B2C254A214C00A06B8D /* AppDelegate.swift */; };
		79230B2F254A214C00A06B8D /* SceneDelegate.swift in Sources */ = {isa = PBXBuildFile; fileRef = 79230B2E254A214C00A06B8D /* SceneDelegate.swift */; };
		79230B31254A214C00A06B8D /* HomeViewController.swift in Sources */ = {isa = PBXBuildFile; fileRef = 79230B30254A214C00A06B8D /* HomeViewController.swift */; };
		79230B36254A215100A06B8D /* Assets.xcassets in Resources */ = {isa = PBXBuildFile; fileRef = 79230B35254A215100A06B8D /* Assets.xcassets */; };
		79230B39254A215100A06B8D /* LaunchScreen.storyboard in Resources */ = {isa = PBXBuildFile; fileRef = 79230B37254A215100A06B8D /* LaunchScreen.storyboard */; };
		79230B44254A215200A06B8D /* PresentationTests.swift in Sources */ = {isa = PBXBuildFile; fileRef = 79230B43254A215200A06B8D /* PresentationTests.swift */; };
		79230B4F254A215200A06B8D /* PresentationUITests.swift in Sources */ = {isa = PBXBuildFile; fileRef = 79230B4E254A215200A06B8D /* PresentationUITests.swift */; };
		799F211E254B318900256C5C /* Domain.framework in Frameworks */ = {isa = PBXBuildFile; fileRef = 799F211D254B318900256C5C /* Domain.framework */; };
		799F211F254B318900256C5C /* Domain.framework in Embed Frameworks */ = {isa = PBXBuildFile; fileRef = 799F211D254B318900256C5C /* Domain.framework */; settings = {ATTRIBUTES = (CodeSignOnCopy, RemoveHeadersOnCopy, ); }; };
		799F2122254B319200256C5C /* DataAccess.framework in Frameworks */ = {isa = PBXBuildFile; fileRef = 799F2121254B319200256C5C /* DataAccess.framework */; };
		799F2123254B319200256C5C /* DataAccess.framework in Embed Frameworks */ = {isa = PBXBuildFile; fileRef = 799F2121254B319200256C5C /* DataAccess.framework */; settings = {ATTRIBUTES = (CodeSignOnCopy, RemoveHeadersOnCopy, ); }; };
		799F2125254B319900256C5C /* DeviceHardware.framework in Frameworks */ = {isa = PBXBuildFile; fileRef = 799F2124254B319900256C5C /* DeviceHardware.framework */; };
		799F2126254B319900256C5C /* DeviceHardware.framework in Embed Frameworks */ = {isa = PBXBuildFile; fileRef = 799F2124254B319900256C5C /* DeviceHardware.framework */; settings = {ATTRIBUTES = (CodeSignOnCopy, RemoveHeadersOnCopy, ); }; };
		79DF871E25681F4E00BB7EC9 /* HomeViewController.xib in Resources */ = {isa = PBXBuildFile; fileRef = 79DF871D25681F4E00BB7EC9 /* HomeViewController.xib */; };
/* End PBXBuildFile section */

/* Begin PBXContainerItemProxy section */
		79230B40254A215200A06B8D /* PBXContainerItemProxy */ = {
			isa = PBXContainerItemProxy;
			containerPortal = 79230B21254A214C00A06B8D /* Project object */;
			proxyType = 1;
			remoteGlobalIDString = 79230B28254A214C00A06B8D;
			remoteInfo = Presentation;
		};
		79230B4B254A215200A06B8D /* PBXContainerItemProxy */ = {
			isa = PBXContainerItemProxy;
			containerPortal = 79230B21254A214C00A06B8D /* Project object */;
			proxyType = 1;
			remoteGlobalIDString = 79230B28254A214C00A06B8D;
			remoteInfo = Presentation;
		};
/* End PBXContainerItemProxy section */

/* Begin PBXCopyFilesBuildPhase section */
		799F2120254B318900256C5C /* Embed Frameworks */ = {
			isa = PBXCopyFilesBuildPhase;
			buildActionMask = 2147483647;
			dstPath = "";
			dstSubfolderSpec = 10;
			files = (
				799F2123254B319200256C5C /* DataAccess.framework in Embed Frameworks */,
				799F211F254B318900256C5C /* Domain.framework in Embed Frameworks */,
				799F2126254B319900256C5C /* DeviceHardware.framework in Embed Frameworks */,
			);
			name = "Embed Frameworks";
			runOnlyForDeploymentPostprocessing = 0;
		};
/* End PBXCopyFilesBuildPhase section */

/* Begin PBXFileReference section */
		79230B29254A214C00A06B8D /* Presentation.app */ = {isa = PBXFileReference; explicitFileType = wrapper.application; includeInIndex = 0; path = Presentation.app; sourceTree = BUILT_PRODUCTS_DIR; };
		79230B2C254A214C00A06B8D /* AppDelegate.swift */ = {isa = PBXFileReference; lastKnownFileType = sourcecode.swift; path = AppDelegate.swift; sourceTree = "<group>"; };
		79230B2E254A214C00A06B8D /* SceneDelegate.swift */ = {isa = PBXFileReference; lastKnownFileType = sourcecode.swift; path = SceneDelegate.swift; sourceTree = "<group>"; };
		79230B30254A214C00A06B8D /* HomeViewController.swift */ = {isa = PBXFileReference; lastKnownFileType = sourcecode.swift; path = HomeViewController.swift; sourceTree = "<group>"; };
		79230B35254A215100A06B8D /* Assets.xcassets */ = {isa = PBXFileReference; lastKnownFileType = folder.assetcatalog; path = Assets.xcassets; sourceTree = "<group>"; };
		79230B38254A215100A06B8D /* Base */ = {isa = PBXFileReference; lastKnownFileType = file.storyboard; name = Base; path = Base.lproj/LaunchScreen.storyboard; sourceTree = "<group>"; };
		79230B3A254A215100A06B8D /* Info.plist */ = {isa = PBXFileReference; lastKnownFileType = text.plist.xml; path = Info.plist; sourceTree = "<group>"; };
		79230B3F254A215200A06B8D /* PresentationTests.xctest */ = {isa = PBXFileReference; explicitFileType = wrapper.cfbundle; includeInIndex = 0; path = PresentationTests.xctest; sourceTree = BUILT_PRODUCTS_DIR; };
		79230B43254A215200A06B8D /* PresentationTests.swift */ = {isa = PBXFileReference; lastKnownFileType = sourcecode.swift; path = PresentationTests.swift; sourceTree = "<group>"; };
		79230B45254A215200A06B8D /* Info.plist */ = {isa = PBXFileReference; lastKnownFileType = text.plist.xml; path = Info.plist; sourceTree = "<group>"; };
		79230B4A254A215200A06B8D /* PresentationUITests.xctest */ = {isa = PBXFileReference; explicitFileType = wrapper.cfbundle; includeInIndex = 0; path = PresentationUITests.xctest; sourceTree = BUILT_PRODUCTS_DIR; };
		79230B4E254A215200A06B8D /* PresentationUITests.swift */ = {isa = PBXFileReference; lastKnownFileType = sourcecode.swift; path = PresentationUITests.swift; sourceTree = "<group>"; };
		79230B50254A215200A06B8D /* Info.plist */ = {isa = PBXFileReference; lastKnownFileType = text.plist.xml; path = Info.plist; sourceTree = "<group>"; };
		799F211D254B318900256C5C /* Domain.framework */ = {isa = PBXFileReference; explicitFileType = wrapper.framework; path = Domain.framework; sourceTree = BUILT_PRODUCTS_DIR; };
		799F2121254B319200256C5C /* DataAccess.framework */ = {isa = PBXFileReference; explicitFileType = wrapper.framework; path = DataAccess.framework; sourceTree = BUILT_PRODUCTS_DIR; };
		799F2124254B319900256C5C /* DeviceHardware.framework */ = {isa = PBXFileReference; explicitFileType = wrapper.framework; path = DeviceHardware.framework; sourceTree = BUILT_PRODUCTS_DIR; };
		79DF871D25681F4E00BB7EC9 /* HomeViewController.xib */ = {isa = PBXFileReference; lastKnownFileType = file.xib; path = HomeViewController.xib; sourceTree = "<group>"; };
/* End PBXFileReference section */

/* Begin PBXFrameworksBuildPhase section */
		79230B26254A214C00A06B8D /* Frameworks */ = {
			isa = PBXFrameworksBuildPhase;
			buildActionMask = 2147483647;
			files = (
				799F2122254B319200256C5C /* DataAccess.framework in Frameworks */,
				799F211E254B318900256C5C /* Domain.framework in Frameworks */,
				799F2125254B319900256C5C /* DeviceHardware.framework in Frameworks */,
			);
			runOnlyForDeploymentPostprocessing = 0;
		};
		79230B3C254A215200A06B8D /* Frameworks */ = {
			isa = PBXFrameworksBuildPhase;
			buildActionMask = 2147483647;
			files = (
			);
			runOnlyForDeploymentPostprocessing = 0;
		};
		79230B47254A215200A06B8D /* Frameworks */ = {
			isa = PBXFrameworksBuildPhase;
			buildActionMask = 2147483647;
			files = (
			);
			runOnlyForDeploymentPostprocessing = 0;
		};
/* End PBXFrameworksBuildPhase section */

/* Begin PBXGroup section */
		79230B20254A214C00A06B8D = {
			isa = PBXGroup;
			children = (
				79230B2B254A214C00A06B8D /* Presentation */,
				79230B42254A215200A06B8D /* PresentationTests */,
				79230B4D254A215200A06B8D /* PresentationUITests */,
				79230B2A254A214C00A06B8D /* Products */,
				799F211C254B318900256C5C /* Frameworks */,
			);
			sourceTree = "<group>";
		};
		79230B2A254A214C00A06B8D /* Products */ = {
			isa = PBXGroup;
			children = (
				79230B29254A214C00A06B8D /* Presentation.app */,
				79230B3F254A215200A06B8D /* PresentationTests.xctest */,
				79230B4A254A215200A06B8D /* PresentationUITests.xctest */,
			);
			name = Products;
			sourceTree = "<group>";
		};
		79230B2B254A214C00A06B8D /* Presentation */ = {
			isa = PBXGroup;
			children = (
				79230B2C254A214C00A06B8D /* AppDelegate.swift */,
				79230B2E254A214C00A06B8D /* SceneDelegate.swift */,
				79230B30254A214C00A06B8D /* HomeViewController.swift */,
				79230B35254A215100A06B8D /* Assets.xcassets */,
				79230B37254A215100A06B8D /* LaunchScreen.storyboard */,
				79230B3A254A215100A06B8D /* Info.plist */,
				79DF871D25681F4E00BB7EC9 /* HomeViewController.xib */,
			);
			path = Presentation;
			sourceTree = "<group>";
		};
		79230B42254A215200A06B8D /* PresentationTests */ = {
			isa = PBXGroup;
			children = (
				79230B43254A215200A06B8D /* PresentationTests.swift */,
				79230B45254A215200A06B8D /* Info.plist */,
			);
			path = PresentationTests;
			sourceTree = "<group>";
		};
		79230B4D254A215200A06B8D /* PresentationUITests */ = {
			isa = PBXGroup;
			children = (
				79230B4E254A215200A06B8D /* PresentationUITests.swift */,
				79230B50254A215200A06B8D /* Info.plist */,
			);
			path = PresentationUITests;
			sourceTree = "<group>";
		};
		799F211C254B318900256C5C /* Frameworks */ = {
			isa = PBXGroup;
			children = (
				799F2124254B319900256C5C /* DeviceHardware.framework */,
				799F2121254B319200256C5C /* DataAccess.framework */,
				799F211D254B318900256C5C /* Domain.framework */,
			);
			name = Frameworks;
			sourceTree = "<group>";
		};
/* End PBXGroup section */

/* Begin PBXNativeTarget section */
		79230B28254A214C00A06B8D /* Presentation */ = {
			isa = PBXNativeTarget;
			buildConfigurationList = 79230B53254A215200A06B8D /* Build configuration list for PBXNativeTarget "Presentation" */;
			buildPhases = (
				79230B25254A214C00A06B8D /* Sources */,
				79230B26254A214C00A06B8D /* Frameworks */,
				79230B27254A214C00A06B8D /* Resources */,
				799F2120254B318900256C5C /* Embed Frameworks */,
			);
			buildRules = (
			);
			dependencies = (
			);
			name = Presentation;
			productName = Presentation;
			productReference = 79230B29254A214C00A06B8D /* Presentation.app */;
			productType = "com.apple.product-type.application";
		};
		79230B3E254A215200A06B8D /* PresentationTests */ = {
			isa = PBXNativeTarget;
			buildConfigurationList = 79230B56254A215200A06B8D /* Build configuration list for PBXNativeTarget "PresentationTests" */;
			buildPhases = (
				79230B3B254A215200A06B8D /* Sources */,
				79230B3C254A215200A06B8D /* Frameworks */,
				79230B3D254A215200A06B8D /* Resources */,
			);
			buildRules = (
			);
			dependencies = (
				79230B41254A215200A06B8D /* PBXTargetDependency */,
			);
			name = PresentationTests;
			productName = PresentationTests;
			productReference = 79230B3F254A215200A06B8D /* PresentationTests.xctest */;
			productType = "com.apple.product-type.bundle.unit-test";
		};
		79230B49254A215200A06B8D /* PresentationUITests */ = {
			isa = PBXNativeTarget;
			buildConfigurationList = 79230B59254A215200A06B8D /* Build configuration list for PBXNativeTarget "PresentationUITests" */;
			buildPhases = (
				79230B46254A215200A06B8D /* Sources */,
				79230B47254A215200A06B8D /* Frameworks */,
				79230B48254A215200A06B8D /* Resources */,
			);
			buildRules = (
			);
			dependencies = (
				79230B4C254A215200A06B8D /* PBXTargetDependency */,
			);
			name = PresentationUITests;
			productName = PresentationUITests;
			productReference = 79230B4A254A215200A06B8D /* PresentationUITests.xctest */;
			productType = "com.apple.product-type.bundle.ui-testing";
		};
/* End PBXNativeTarget section */

/* Begin PBXProject section */
		79230B21254A214C00A06B8D /* Project object */ = {
			isa = PBXProject;
			attributes = {
				LastSwiftUpdateCheck = 1200;
				LastUpgradeCheck = 1200;
				TargetAttributes = {
					79230B28254A214C00A06B8D = {
						CreatedOnToolsVersion = 12.0.1;
					};
					79230B3E254A215200A06B8D = {
						CreatedOnToolsVersion = 12.0.1;
						TestTargetID = 79230B28254A214C00A06B8D;
					};
					79230B49254A215200A06B8D = {
						CreatedOnToolsVersion = 12.0.1;
						TestTargetID = 79230B28254A214C00A06B8D;
					};
				};
			};
			buildConfigurationList = 79230B24254A214C00A06B8D /* Build configuration list for PBXProject "Presentation" */;
			compatibilityVersion = "Xcode 9.3";
			developmentRegion = en;
			hasScannedForEncodings = 0;
			knownRegions = (
				en,
				Base,
			);
			mainGroup = 79230B20254A214C00A06B8D;
			productRefGroup = 79230B2A254A214C00A06B8D /* Products */;
			projectDirPath = "";
			projectRoot = "";
			targets = (
				79230B28254A214C00A06B8D /* Presentation */,
				79230B3E254A215200A06B8D /* PresentationTests */,
				79230B49254A215200A06B8D /* PresentationUITests */,
			);
		};
/* End PBXProject section */

/* Begin PBXResourcesBuildPhase section */
		79230B27254A214C00A06B8D /* Resources */ = {
			isa = PBXResourcesBuildPhase;
			buildActionMask = 2147483647;
			files = (
				79230B39254A215100A06B8D /* LaunchScreen.storyboard in Resources */,
				79230B36254A215100A06B8D /* Assets.xcassets in Resources */,
				79DF871E25681F4E00BB7EC9 /* HomeViewController.xib in Resources */,
			);
			runOnlyForDeploymentPostprocessing = 0;
		};
		79230B3D254A215200A06B8D /* Resources */ = {
			isa = PBXResourcesBuildPhase;
			buildActionMask = 2147483647;
			files = (
			);
			runOnlyForDeploymentPostprocessing = 0;
		};
		79230B48254A215200A06B8D /* Resources */ = {
			isa = PBXResourcesBuildPhase;
			buildActionMask = 2147483647;
			files = (
			);
			runOnlyForDeploymentPostprocessing = 0;
		};
/* End PBXResourcesBuildPhase section */

/* Begin PBXSourcesBuildPhase section */
		79230B25254A214C00A06B8D /* Sources */ = {
			isa = PBXSourcesBuildPhase;
			buildActionMask = 2147483647;
			files = (
				79230B31254A214C00A06B8D /* HomeViewController.swift in Sources */,
				79230B2D254A214C00A06B8D /* AppDelegate.swift in Sources */,
				79230B2F254A214C00A06B8D /* SceneDelegate.swift in Sources */,
			);
			runOnlyForDeploymentPostprocessing = 0;
		};
		79230B3B254A215200A06B8D /* Sources */ = {
			isa = PBXSourcesBuildPhase;
			buildActionMask = 2147483647;
			files = (
				79230B44254A215200A06B8D /* PresentationTests.swift in Sources */,
			);
			runOnlyForDeploymentPostprocessing = 0;
		};
		79230B46254A215200A06B8D /* Sources */ = {
			isa = PBXSourcesBuildPhase;
			buildActionMask = 2147483647;
			files = (
				79230B4F254A215200A06B8D /* PresentationUITests.swift in Sources */,
			);
			runOnlyForDeploymentPostprocessing = 0;
		};
/* End PBXSourcesBuildPhase section */

/* Begin PBXTargetDependency section */
		79230B41254A215200A06B8D /* PBXTargetDependency */ = {
			isa = PBXTargetDependency;
			target = 79230B28254A214C00A06B8D /* Presentation */;
			targetProxy = 79230B40254A215200A06B8D /* PBXContainerItemProxy */;
		};
		79230B4C254A215200A06B8D /* PBXTargetDependency */ = {
			isa = PBXTargetDependency;
			target = 79230B28254A214C00A06B8D /* Presentation */;
			targetProxy = 79230B4B254A215200A06B8D /* PBXContainerItemProxy */;
		};
/* End PBXTargetDependency section */

/* Begin PBXVariantGroup section */
		79230B37254A215100A06B8D /* LaunchScreen.storyboard */ = {
			isa = PBXVariantGroup;
			children = (
				79230B38254A215100A06B8D /* Base */,
			);
			name = LaunchScreen.storyboard;
			sourceTree = "<group>";
		};
/* End PBXVariantGroup section */

/* Begin XCBuildConfiguration section */
		79230B51254A215200A06B8D /* Debug */ = {
			isa = XCBuildConfiguration;
			buildSettings = {
				ALWAYS_SEARCH_USER_PATHS = NO;
				CLANG_ANALYZER_NONNULL = YES;
				CLANG_ANALYZER_NUMBER_OBJECT_CONVERSION = YES_AGGRESSIVE;
				CLANG_CXX_LANGUAGE_STANDARD = "gnu++14";
				CLANG_CXX_LIBRARY = "libc++";
				CLANG_ENABLE_MODULES = YES;
				CLANG_ENABLE_OBJC_ARC = YES;
				CLANG_ENABLE_OBJC_WEAK = YES;
				CLANG_WARN_BLOCK_CAPTURE_AUTORELEASING = YES;
				CLANG_WARN_BOOL_CONVERSION = YES;
				CLANG_WARN_COMMA = YES;
				CLANG_WARN_CONSTANT_CONVERSION = YES;
				CLANG_WARN_DEPRECATED_OBJC_IMPLEMENTATIONS = YES;
				CLANG_WARN_DIRECT_OBJC_ISA_USAGE = YES_ERROR;
				CLANG_WARN_DOCUMENTATION_COMMENTS = YES;
				CLANG_WARN_EMPTY_BODY = YES;
				CLANG_WARN_ENUM_CONVERSION = YES;
				CLANG_WARN_INFINITE_RECURSION = YES;
				CLANG_WARN_INT_CONVERSION = YES;
				CLANG_WARN_NON_LITERAL_NULL_CONVERSION = YES;
				CLANG_WARN_OBJC_IMPLICIT_RETAIN_SELF = YES;
				CLANG_WARN_OBJC_LITERAL_CONVERSION = YES;
				CLANG_WARN_OBJC_ROOT_CLASS = YES_ERROR;
				CLANG_WARN_QUOTED_INCLUDE_IN_FRAMEWORK_HEADER = YES;
				CLANG_WARN_RANGE_LOOP_ANALYSIS = YES;
				CLANG_WARN_STRICT_PROTOTYPES = YES;
				CLANG_WARN_SUSPICIOUS_MOVE = YES;
				CLANG_WARN_UNGUARDED_AVAILABILITY = YES_AGGRESSIVE;
				CLANG_WARN_UNREACHABLE_CODE = YES;
				CLANG_WARN__DUPLICATE_METHOD_MATCH = YES;
				COPY_PHASE_STRIP = NO;
				DEBUG_INFORMATION_FORMAT = dwarf;
				ENABLE_STRICT_OBJC_MSGSEND = YES;
				ENABLE_TESTABILITY = YES;
				GCC_C_LANGUAGE_STANDARD = gnu11;
				GCC_DYNAMIC_NO_PIC = NO;
				GCC_NO_COMMON_BLOCKS = YES;
				GCC_OPTIMIZATION_LEVEL = 0;
				GCC_PREPROCESSOR_DEFINITIONS = (
					"DEBUG=1",
					"$(inherited)",
				);
				GCC_WARN_64_TO_32_BIT_CONVERSION = YES;
				GCC_WARN_ABOUT_RETURN_TYPE = YES_ERROR;
				GCC_WARN_UNDECLARED_SELECTOR = YES;
				GCC_WARN_UNINITIALIZED_AUTOS = YES_AGGRESSIVE;
				GCC_WARN_UNUSED_FUNCTION = YES;
				GCC_WARN_UNUSED_VARIABLE = YES;
				IPHONEOS_DEPLOYMENT_TARGET = 14.0;
				MTL_ENABLE_DEBUG_INFO = INCLUDE_SOURCE;
				MTL_FAST_MATH = YES;
				ONLY_ACTIVE_ARCH = YES;
				SDKROOT = iphoneos;
				SWIFT_ACTIVE_COMPILATION_CONDITIONS = DEBUG;
				SWIFT_OPTIMIZATION_LEVEL = "-Onone";
			};
			name = Debug;
		};
		79230B52254A215200A06B8D /* Release */ = {
			isa = XCBuildConfiguration;
			buildSettings = {
				ALWAYS_SEARCH_USER_PATHS = NO;
				CLANG_ANALYZER_NONNULL = YES;
				CLANG_ANALYZER_NUMBER_OBJECT_CONVERSION = YES_AGGRESSIVE;
				CLANG_CXX_LANGUAGE_STANDARD = "gnu++14";
				CLANG_CXX_LIBRARY = "libc++";
				CLANG_ENABLE_MODULES = YES;
				CLANG_ENABLE_OBJC_ARC = YES;
				CLANG_ENABLE_OBJC_WEAK = YES;
				CLANG_WARN_BLOCK_CAPTURE_AUTORELEASING = YES;
				CLANG_WARN_BOOL_CONVERSION = YES;
				CLANG_WARN_COMMA = YES;
				CLANG_WARN_CONSTANT_CONVERSION = YES;
				CLANG_WARN_DEPRECATED_OBJC_IMPLEMENTATIONS = YES;
				CLANG_WARN_DIRECT_OBJC_ISA_USAGE = YES_ERROR;
				CLANG_WARN_DOCUMENTATION_COMMENTS = YES;
				CLANG_WARN_EMPTY_BODY = YES;
				CLANG_WARN_ENUM_CONVERSION = YES;
				CLANG_WARN_INFINITE_RECURSION = YES;
				CLANG_WARN_INT_CONVERSION = YES;
				CLANG_WARN_NON_LITERAL_NULL_CONVERSION = YES;
				CLANG_WARN_OBJC_IMPLICIT_RETAIN_SELF = YES;
				CLANG_WARN_OBJC_LITERAL_CONVERSION = YES;
				CLANG_WARN_OBJC_ROOT_CLASS = YES_ERROR;
				CLANG_WARN_QUOTED_INCLUDE_IN_FRAMEWORK_HEADER = YES;
				CLANG_WARN_RANGE_LOOP_ANALYSIS = YES;
				CLANG_WARN_STRICT_PROTOTYPES = YES;
				CLANG_WARN_SUSPICIOUS_MOVE = YES;
				CLANG_WARN_UNGUARDED_AVAILABILITY = YES_AGGRESSIVE;
				CLANG_WARN_UNREACHABLE_CODE = YES;
				CLANG_WARN__DUPLICATE_METHOD_MATCH = YES;
				COPY_PHASE_STRIP = NO;
				DEBUG_INFORMATION_FORMAT = "dwarf-with-dsym";
				ENABLE_NS_ASSERTIONS = NO;
				ENABLE_STRICT_OBJC_MSGSEND = YES;
				GCC_C_LANGUAGE_STANDARD = gnu11;
				GCC_NO_COMMON_BLOCKS = YES;
				GCC_WARN_64_TO_32_BIT_CONVERSION = YES;
				GCC_WARN_ABOUT_RETURN_TYPE = YES_ERROR;
				GCC_WARN_UNDECLARED_SELECTOR = YES;
				GCC_WARN_UNINITIALIZED_AUTOS = YES_AGGRESSIVE;
				GCC_WARN_UNUSED_FUNCTION = YES;
				GCC_WARN_UNUSED_VARIABLE = YES;
				IPHONEOS_DEPLOYMENT_TARGET = 14.0;
				MTL_ENABLE_DEBUG_INFO = NO;
				MTL_FAST_MATH = YES;
				SDKROOT = iphoneos;
				SWIFT_COMPILATION_MODE = wholemodule;
				SWIFT_OPTIMIZATION_LEVEL = "-O";
				VALIDATE_PRODUCT = YES;
			};
			name = Release;
		};
		79230B54254A215200A06B8D /* Debug */ = {
			isa = XCBuildConfiguration;
			buildSettings = {
				ASSETCATALOG_COMPILER_APPICON_NAME = AppIcon;
				ASSETCATALOG_COMPILER_GLOBAL_ACCENT_COLOR_NAME = AccentColor;
				CODE_SIGN_STYLE = Automatic;
				INFOPLIST_FILE = Presentation/Info.plist;
				LD_RUNPATH_SEARCH_PATHS = (
					"$(inherited)",
					"@executable_path/Frameworks",
				);
				PRODUCT_BUNDLE_IDENTIFIER = co.com.ceiba.Presentation;
				PRODUCT_NAME = "$(TARGET_NAME)";
				SWIFT_VERSION = 5.0;
				TARGETED_DEVICE_FAMILY = 1;
			};
			name = Debug;
		};
		79230B55254A215200A06B8D /* Release */ = {
			isa = XCBuildConfiguration;
			buildSettings = {
				ASSETCATALOG_COMPILER_APPICON_NAME = AppIcon;
				ASSETCATALOG_COMPILER_GLOBAL_ACCENT_COLOR_NAME = AccentColor;
				CODE_SIGN_STYLE = Automatic;
				INFOPLIST_FILE = Presentation/Info.plist;
				LD_RUNPATH_SEARCH_PATHS = (
					"$(inherited)",
					"@executable_path/Frameworks",
				);
				PRODUCT_BUNDLE_IDENTIFIER = co.com.ceiba.Presentation;
				PRODUCT_NAME = "$(TARGET_NAME)";
				SWIFT_VERSION = 5.0;
				TARGETED_DEVICE_FAMILY = 1;
			};
			name = Release;
		};
		79230B57254A215200A06B8D /* Debug */ = {
			isa = XCBuildConfiguration;
			buildSettings = {
				ALWAYS_EMBED_SWIFT_STANDARD_LIBRARIES = YES;
				BUNDLE_LOADER = "$(TEST_HOST)";
				CODE_SIGN_STYLE = Automatic;
				INFOPLIST_FILE = PresentationTests/Info.plist;
				IPHONEOS_DEPLOYMENT_TARGET = 14.0;
				LD_RUNPATH_SEARCH_PATHS = (
					"$(inherited)",
					"@executable_path/Frameworks",
					"@loader_path/Frameworks",
				);
				PRODUCT_BUNDLE_IDENTIFIER = co.com.ceiba.PresentationTests;
				PRODUCT_NAME = "$(TARGET_NAME)";
				SWIFT_VERSION = 5.0;
				TARGETED_DEVICE_FAMILY = "1,2";
				TEST_HOST = "$(BUILT_PRODUCTS_DIR)/Presentation.app/Presentation";
			};
			name = Debug;
		};
		79230B58254A215200A06B8D /* Release */ = {
			isa = XCBuildConfiguration;
			buildSettings = {
				ALWAYS_EMBED_SWIFT_STANDARD_LIBRARIES = YES;
				BUNDLE_LOADER = "$(TEST_HOST)";
				CODE_SIGN_STYLE = Automatic;
				INFOPLIST_FILE = PresentationTests/Info.plist;
				IPHONEOS_DEPLOYMENT_TARGET = 14.0;
				LD_RUNPATH_SEARCH_PATHS = (
					"$(inherited)",
					"@executable_path/Frameworks",
					"@loader_path/Frameworks",
				);
				PRODUCT_BUNDLE_IDENTIFIER = co.com.ceiba.PresentationTests;
				PRODUCT_NAME = "$(TARGET_NAME)";
				SWIFT_VERSION = 5.0;
				TARGETED_DEVICE_FAMILY = "1,2";
				TEST_HOST = "$(BUILT_PRODUCTS_DIR)/Presentation.app/Presentation";
			};
			name = Release;
		};
		79230B5A254A215200A06B8D /* Debug */ = {
			isa = XCBuildConfiguration;
			buildSettings = {
				ALWAYS_EMBED_SWIFT_STANDARD_LIBRARIES = YES;
				CODE_SIGN_STYLE = Automatic;
				INFOPLIST_FILE = PresentationUITests/Info.plist;
				LD_RUNPATH_SEARCH_PATHS = (
					"$(inherited)",
					"@executable_path/Frameworks",
					"@loader_path/Frameworks",
				);
				PRODUCT_BUNDLE_IDENTIFIER = co.com.ceiba.PresentationUITests;
				PRODUCT_NAME = "$(TARGET_NAME)";
				SWIFT_VERSION = 5.0;
				TARGETED_DEVICE_FAMILY = "1,2";
				TEST_TARGET_NAME = Presentation;
			};
			name = Debug;
		};
		79230B5B254A215200A06B8D /* Release */ = {
			isa = XCBuildConfiguration;
			buildSettings = {
				ALWAYS_EMBED_SWIFT_STANDARD_LIBRARIES = YES;
				CODE_SIGN_STYLE = Automatic;
				INFOPLIST_FILE = PresentationUITests/Info.plist;
				LD_RUNPATH_SEARCH_PATHS = (
					"$(inherited)",
					"@executable_path/Frameworks",
					"@loader_path/Frameworks",
				);
				PRODUCT_BUNDLE_IDENTIFIER = co.com.ceiba.PresentationUITests;
				PRODUCT_NAME = "$(TARGET_NAME)";
				SWIFT_VERSION = 5.0;
				TARGETED_DEVICE_FAMILY = "1,2";
				TEST_TARGET_NAME = Presentation;
			};
			name = Release;
		};
/* End XCBuildConfiguration section */

/* Begin XCConfigurationList section */
		79230B24254A214C00A06B8D /* Build configuration list for PBXProject "Presentation" */ = {
			isa = XCConfigurationList;
			buildConfigurations = (
				79230B51254A215200A06B8D /* Debug */,
				79230B52254A215200A06B8D /* Release */,
			);
			defaultConfigurationIsVisible = 0;
			defaultConfigurationName = Release;
		};
		79230B53254A215200A06B8D /* Build configuration list for PBXNativeTarget "Presentation" */ = {
			isa = XCConfigurationList;
			buildConfigurations = (
				79230B54254A215200A06B8D /* Debug */,
				79230B55254A215200A06B8D /* Release */,
			);
			defaultConfigurationIsVisible = 0;
			defaultConfigurationName = Release;
		};
		79230B56254A215200A06B8D /* Build configuration list for PBXNativeTarget "PresentationTests" */ = {
			isa = XCConfigurationList;
			buildConfigurations = (
				79230B57254A215200A06B8D /* Debug */,
				79230B58254A215200A06B8D /* Release */,
			);
			defaultConfigurationIsVisible = 0;
			defaultConfigurationName = Release;
		};
		79230B59254A215200A06B8D /* Build configuration list for PBXNativeTarget "PresentationUITests" */ = {
			isa = XCConfigurationList;
			buildConfigurations = (
				79230B5A254A215200A06B8D /* Debug */,
				79230B5B254A215200A06B8D /* Release */,
			);
			defaultConfigurationIsVisible = 0;
			defaultConfigurationName = Release;
		};
/* End XCConfigurationList section */
	};
	rootObject = 79230B21254A214C00A06B8D /* Project object */;
}
