{"projectHash":"35daabefc58a5a0189bda37ffed3fea6008d6c3a","productModuleName":"DomainTests","mockedTypeNames":["\/Users\/andres.santacoloma\/Development\/ProofsOfConcept\/iOSModulesApp\/Domain\/DomainTests\/Service\/PersonServiceTests.swift",["PersonRepository"],"\/Users\/andres.santacoloma\/Development\/ProofsOfConcept\/iOSModulesApp\/Domain\/DomainTests\/Model\/AuthUserTests.swift",[]],"cliVersion":"0.16.0","configHash":"cfde57ccca246ed7904e41a73b18e97242624e70","sourceRoot":"\/Users\/andres.santacoloma\/Development\/ProofsOfConcept\/iOSModulesApp\/Domain","sourceFilePaths":[{"path":"\/Users\/andres.santacoloma\/Development\/ProofsOfConcept\/iOSModulesApp\/Domain\/DomainTests\/Model\/AuthUserTests.swift","hash":"9f89e27f3b5a6c5c4d65349c4b72563e64188959"},{"path":"\/Users\/andres.santacoloma\/Development\/ProofsOfConcept\/iOSModulesApp\/Domain\/DomainTests\/Service\/PersonServiceTests.swift","hash":"50cd614fdc1fbb103ee4c88b8ab2aceac757294b"},{"path":"\/Users\/andres.santacoloma\/Development\/ProofsOfConcept\/iOSModulesApp\/Domain\/MockingbirdMocks\/DomainTests-DomainMocks.generated.swift","hash":"bbb19765275b341caabef94ec0996f1a8e794877"}],"dependencies":[],"name":"DomainTests"}