{"cliVersion":"0.16.0","productModuleName":"Domain","sourceFilePaths":[{"path":"\/Users\/andres.santacoloma\/Development\/ProofsOfConcept\/iOSModulesApp\/Domain\/Domain\/Exception\/BusinessException.swift","hash":"0c7183fced2651ee3775bebb05de5fcb9d3076a3"},{"path":"\/Users\/andres.santacoloma\/Development\/ProofsOfConcept\/iOSModulesApp\/Domain\/Domain\/Model\/AuthUser.swift","hash":"d9fb5660ef56eb06c2e324923a7036839b6999cf"},{"path":"\/Users\/andres.santacoloma\/Development\/ProofsOfConcept\/iOSModulesApp\/Domain\/Domain\/Model\/Person.swift","hash":"adcb5bfbdf466f7ffa940ae6081e0511dddf32b7"},{"path":"\/Users\/andres.santacoloma\/Development\/ProofsOfConcept\/iOSModulesApp\/Domain\/Domain\/Model\/Role.swift","hash":"fd968e277093dd68b2f2a90ec24887c1fe166210"},{"path":"\/Users\/andres.santacoloma\/Development\/ProofsOfConcept\/iOSModulesApp\/Domain\/Domain\/Repository\/PersonRepository.swift","hash":"2016eb5860cf70ffdd672bdcaa4eef76939ec61a"},{"path":"\/Users\/andres.santacoloma\/Development\/ProofsOfConcept\/iOSModulesApp\/Domain\/Domain\/Repository\/RoleRepository.swift","hash":"3de2d69001544d788db63387880e046f53165418"},{"path":"\/Users\/andres.santacoloma\/Development\/ProofsOfConcept\/iOSModulesApp\/Domain\/Domain\/Service\/PersonService.swift","hash":"063eb1f5ca6dd3cf10280b3bb0e6371954b93845"}],"configHash":"cfde57ccca246ed7904e41a73b18e97242624e70","dependencyPathsHash":"517b1d6192e9ab92bd23912555f445b3cd660c5b","targetPathsHash":"9e36f0a314f54aa2a2f898bb1438f93c9b32a915","mockedTypesHash":"e882c46b7b66c6f6c296ddd9502e4a7e859770f3","outputHash":"bbb19765275b341caabef94ec0996f1a8e794877","dependencies":[],"sourceRoot":"\/Users\/andres.santacoloma\/Development\/ProofsOfConcept\/iOSModulesApp\/Domain","supportingFilePaths":[{"path":"\/Users\/andres.santacoloma\/Development\/ProofsOfConcept\/iOSModulesApp\/Domain\/MockingbirdSupport\/AppKit\/NSResponder.swift","hash":"21296949c6d570892c8665a450e62c234c938790"},{"path":"\/Users\/andres.santacoloma\/Development\/ProofsOfConcept\/iOSModulesApp\/Domain\/MockingbirdSupport\/AppKit\/NSView.swift","hash":"85b3183be144012a7e105e292426c3d9f8966072"},{"path":"\/Users\/andres.santacoloma\/Development\/ProofsOfConcept\/iOSModulesApp\/Domain\/MockingbirdSupport\/AppKit\/NSViewController.swift","hash":"d8785e8a119f2723c8840534df0ad8ac61409797"},{"path":"\/Users\/andres.santacoloma\/Development\/ProofsOfConcept\/iOSModulesApp\/Domain\/MockingbirdSupport\/Foundation\/ObjectiveC\/NSObject.swift","hash":"cf466772b8c2d80d31f34b93b501b398fbb8854d"},{"path":"\/Users\/andres.santacoloma\/Development\/ProofsOfConcept\/iOSModulesApp\/Domain\/MockingbirdSupport\/Foundation\/ObjectiveC\/NSObject.swift","hash":"cf466772b8c2d80d31f34b93b501b398fbb8854d"},{"path":"\/Users\/andres.santacoloma\/Development\/ProofsOfConcept\/iOSModulesApp\/Domain\/MockingbirdSupport\/Swift\/Codable.swift","hash":"57675d8b36a2db7b093b3542bd3225a88992c3bc"},{"path":"\/Users\/andres.santacoloma\/Development\/ProofsOfConcept\/iOSModulesApp\/Domain\/MockingbirdSupport\/Swift\/Comparable.swift","hash":"d0d110744eeaf2f8fdd2f8a41df3452f35286bb7"},{"path":"\/Users\/andres.santacoloma\/Development\/ProofsOfConcept\/iOSModulesApp\/Domain\/MockingbirdSupport\/Swift\/Equatable.swift","hash":"2e7674f4e23a5ab7aef45b91b63c0ed5934c3b83"},{"path":"\/Users\/andres.santacoloma\/Development\/ProofsOfConcept\/iOSModulesApp\/Domain\/MockingbirdSupport\/Swift\/Hashable.swift","hash":"f59ec249aa03e312f2bda7c3b397c0dccd880a21"},{"path":"\/Users\/andres.santacoloma\/Development\/ProofsOfConcept\/iOSModulesApp\/Domain\/MockingbirdSupport\/Swift\/Misc.swift","hash":"c139249ec5799f1ec64c3d9e7d8c1f286b894035"},{"path":"\/Users\/andres.santacoloma\/Development\/ProofsOfConcept\/iOSModulesApp\/Domain\/MockingbirdSupport\/UIKit\/UIControl.swift","hash":"9363a4c38002598dbbc1198f16fe7198b8151d24"},{"path":"\/Users\/andres.santacoloma\/Development\/ProofsOfConcept\/iOSModulesApp\/Domain\/MockingbirdSupport\/UIKit\/UILabel.swift","hash":"e26a734695bfe008598ed0d8c936683db78f40ac"},{"path":"\/Users\/andres.santacoloma\/Development\/ProofsOfConcept\/iOSModulesApp\/Domain\/MockingbirdSupport\/UIKit\/UIView.swift","hash":"10e6b03a9c5a76f720c17fcb82af82ff66994926"},{"path":"\/Users\/andres.santacoloma\/Development\/ProofsOfConcept\/iOSModulesApp\/Domain\/MockingbirdSupport\/UIKit\/UIViewController.swift","hash":"bbd8980a22029f339b0e8746124fd06d94730570"}],"name":"Domain","projectHash":"876dedb8294e7fc71e4a0541e7edbcf22c65669d"}